
Microsoft Visual Studio Solution File, Format Version 12.00
# Visual Studio 15
VisualStudioVersion = 15.0.28307.329
MinimumVisualStudioVersion = 10.0.40219.1
Project("{9A19103F-16F7-4668-BE54-9A1E7A4F7556}") = "app", "app.csproj", "{B6ACBA23-4BF8-4EC3-927D-197E2D3C2B06}"
EndProject
Project("{FAE04EC0-301F-11D3-BF4B-00C04F79EFBC}") = "MsTest", "..\MsTest\MsTest.csproj", "{C7975511-79AA-406D-9BAA-828F3DB05C36}"
EndProject
Global
	GlobalSection(SolutionConfigurationPlatforms) = preSolution
		Debug|Any CPU = Debug|Any CPU
		Release|Any CPU = Release|Any CPU
	EndGlobalSection
	GlobalSection(ProjectConfigurationPlatforms) = postSolution
		{B6ACBA23-4BF8-4EC3-927D-197E2D3C2B06}.Debug|Any CPU.ActiveCfg = Debug|Any CPU
		{B6ACBA23-4BF8-4EC3-927D-197E2D3C2B06}.Debug|Any CPU.Build.0 = Debug|Any CPU
		{B6ACBA23-4BF8-4EC3-927D-197E2D3C2B06}.Release|Any CPU.ActiveCfg = Release|Any CPU
		{B6ACBA23-4BF8-4EC3-927D-197E2D3C2B06}.Release|Any CPU.Build.0 = Release|Any CPU
		{C7975511-79AA-406D-9BAA-828F3DB05C36}.Debug|Any CPU.ActiveCfg = Debug|Any CPU
		{C7975511-79AA-406D-9BAA-828F3DB05C36}.Debug|Any CPU.Build.0 = Debug|Any CPU
		{C7975511-79AA-406D-9BAA-828F3DB05C36}.Release|Any CPU.ActiveCfg = Release|Any CPU
		{C7975511-79AA-406D-9BAA-828F3DB05C36}.Release|Any CPU.Build.0 = Release|Any CPU
	EndGlobalSection
	GlobalSection(SolutionProperties) = preSolution
		HideSolutionNode = FALSE
	EndGlobalSection
	GlobalSection(ExtensibilityGlobals) = postSolution
		SolutionGuid = {985794C1-5B51-4DF7-BF33-5ABC2F21F947}
	EndGlobalSection
EndGlobal
