
Microsoft Visual Studio Solution File, Format Version 12.00
# Visual Studio 15
VisualStudioVersion = 15.0.28307.329
MinimumVisualStudioVersion = 10.0.40219.1
Project("{9A19103F-16F7-4668-BE54-9A1E7A4F7556}") = "app", "app.csproj", "{730AD337-5114-4B88-B0C4-716BA027507C}"
EndProject
Global
	GlobalSection(SolutionConfigurationPlatforms) = preSolution
		Debug|Any CPU = Debug|Any CPU
		Release|Any CPU = Release|Any CPU
	EndGlobalSection
	GlobalSection(ProjectConfigurationPlatforms) = postSolution
		{730AD337-5114-4B88-B0C4-716BA027507C}.Debug|Any CPU.ActiveCfg = Debug|Any CPU
		{730AD337-5114-4B88-B0C4-716BA027507C}.Debug|Any CPU.Build.0 = Debug|Any CPU
		{730AD337-5114-4B88-B0C4-716BA027507C}.Release|Any CPU.ActiveCfg = Release|Any CPU
		{730AD337-5114-4B88-B0C4-716BA027507C}.Release|Any CPU.Build.0 = Release|Any CPU
	EndGlobalSection
	GlobalSection(SolutionProperties) = preSolution
		HideSolutionNode = FALSE
	EndGlobalSection
	GlobalSection(ExtensibilityGlobals) = postSolution
		SolutionGuid = {D12C873E-1A4A-4C79-A3A9-DFFE8BF7053A}
	EndGlobalSection
EndGlobal
